
Microsoft Visual Studio Solution File, Format Version 12.00
Project("{FAE04EC0-301F-11D3-BF4B-00C04F79EFBC}") = "ColourBlanketWeb", "ColourBlanketWeb\ColourBlanketWeb.csproj", "{90F0F88C-86A4-4998-8956-9FBDE18EE76A}"
EndProject
Global
	GlobalSection(SolutionConfigurationPlatforms) = preSolution
		Debug|Any CPU = Debug|Any CPU
		Release|Any CPU = Release|Any CPU
	EndGlobalSection
	GlobalSection(ProjectConfigurationPlatforms) = postSolution
		{90F0F88C-86A4-4998-8956-9FBDE18EE76A}.Debug|Any CPU.ActiveCfg = Debug|Any CPU
		{90F0F88C-86A4-4998-8956-9FBDE18EE76A}.Debug|Any CPU.Build.0 = Debug|Any CPU
		{90F0F88C-86A4-4998-8956-9FBDE18EE76A}.Release|Any CPU.ActiveCfg = Release|Any CPU
		{90F0F88C-86A4-4998-8956-9FBDE18EE76A}.Release|Any CPU.Build.0 = Release|Any CPU
	EndGlobalSection
EndGlobal
